github.com/intuitivelabs/slog v0.0.2-0.20210309182339-ec06449a2183 h1:EFlAD+HoZUiNAnipjYudLJGnlP5FUG/SJcGdvyVo+q0=
github.com/intuitivelabs/slog v0.0.2-0.20210309182339-ec06449a2183/go.mod h1:Ui5r7QQoGGj6/sODBbsz8VJbbylXyx86aVhbdoriIKY=
github.com/intuitivelabs/timestamp v0.0.3-0.20210323191703-3e5e3588bfd0 h1:bdYMxrF4gbMg7G+Hmf5EXE350jFv0JG3fX7qjIdK050=
github.com/intuitivelabs/timestamp v0.0.3-0.20210323191703-3e5e3588bfd0/go.mod h1:g6iXgcaQTyNvYhRewLj5li0dhUBrlm0ibApJTklqoXU=
