github.com/intuitivelabs/slog v0.0.2 h1:XFDdI5gTK7t7C896D7kTdDRWXDSF1hHjAor/TITSLio=
github.com/intuitivelabs/slog v0.0.2/go.mod h1:Ui5r7QQoGGj6/sODBbsz8VJbbylXyx86aVhbdoriIKY=
github.com/intuitivelabs/timestamp v0.0.3 h1:9rZng4tXiENmaXRJ/LAM4kMt04C4HsvJbJAWFTQ6LnI=
github.com/intuitivelabs/timestamp v0.0.3/go.mod h1:g6iXgcaQTyNvYhRewLj5li0dhUBrlm0ibApJTklqoXU=
